
Microsoft Visual Studio Solution File, Format Version 12.00
# Visual Studio Version 16
VisualStudioVersion = 25.0.1706.3
MinimumVisualStudioVersion = 10.0.40219.1
Project("{FAE04EC0-301F-11D3-BF4B-00C04F79EFBC}") = "Lab2.Android", "Lab2\Lab2.Android\Lab2.Android.csproj", "{5D38870D-FA8A-4586-B1EC-DAB22680B833}"
EndProject
Project("{FAE04EC0-301F-11D3-BF4B-00C04F79EFBC}") = "Lab2.iOS", "Lab2\Lab2.iOS\Lab2.iOS.csproj", "{0B56D3D0-F017-4EC5-A21B-A46EC5D20778}"
EndProject
Project("{FAE04EC0-301F-11D3-BF4B-00C04F79EFBC}") = "Lab2", "Lab2\Lab2\Lab2.csproj", "{732576DE-23BE-4389-ADC9-B0166017ED2E}"
EndProject
Global
	GlobalSection(SolutionConfigurationPlatforms) = preSolution
		Debug|Any CPU = Debug|Any CPU
		Release|Any CPU = Release|Any CPU
		Debug|iPhoneSimulator = Debug|iPhoneSimulator
		Release|iPhoneSimulator = Release|iPhoneSimulator
		Debug|iPhone = Debug|iPhone
		Release|iPhone = Release|iPhone
	EndGlobalSection
	GlobalSection(ProjectConfigurationPlatforms) = postSolution
		{5D38870D-FA8A-4586-B1EC-DAB22680B833}.Debug|Any CPU.ActiveCfg = Debug|Any CPU
		{5D38870D-FA8A-4586-B1EC-DAB22680B833}.Debug|Any CPU.Build.0 = Debug|Any CPU
		{5D38870D-FA8A-4586-B1EC-DAB22680B833}.Release|Any CPU.ActiveCfg = Release|Any CPU
		{5D38870D-FA8A-4586-B1EC-DAB22680B833}.Release|Any CPU.Build.0 = Release|Any CPU
		{5D38870D-FA8A-4586-B1EC-DAB22680B833}.Debug|iPhoneSimulator.ActiveCfg = Debug|Any CPU
		{5D38870D-FA8A-4586-B1EC-DAB22680B833}.Debug|iPhoneSimulator.Build.0 = Debug|Any CPU
		{5D38870D-FA8A-4586-B1EC-DAB22680B833}.Release|iPhoneSimulator.ActiveCfg = Release|Any CPU
		{5D38870D-FA8A-4586-B1EC-DAB22680B833}.Release|iPhoneSimulator.Build.0 = Release|Any CPU
		{5D38870D-FA8A-4586-B1EC-DAB22680B833}.Debug|iPhone.ActiveCfg = Debug|Any CPU
		{5D38870D-FA8A-4586-B1EC-DAB22680B833}.Debug|iPhone.Build.0 = Debug|Any CPU
		{5D38870D-FA8A-4586-B1EC-DAB22680B833}.Release|iPhone.ActiveCfg = Release|Any CPU
		{5D38870D-FA8A-4586-B1EC-DAB22680B833}.Release|iPhone.Build.0 = Release|Any CPU
		{0B56D3D0-F017-4EC5-A21B-A46EC5D20778}.Debug|Any CPU.ActiveCfg = Debug|iPhoneSimulator
		{0B56D3D0-F017-4EC5-A21B-A46EC5D20778}.Debug|Any CPU.Build.0 = Debug|iPhoneSimulator
		{0B56D3D0-F017-4EC5-A21B-A46EC5D20778}.Release|Any CPU.ActiveCfg = Release|iPhoneSimulator
		{0B56D3D0-F017-4EC5-A21B-A46EC5D20778}.Release|Any CPU.Build.0 = Release|iPhoneSimulator
		{0B56D3D0-F017-4EC5-A21B-A46EC5D20778}.Debug|iPhoneSimulator.ActiveCfg = Debug|iPhoneSimulator
		{0B56D3D0-F017-4EC5-A21B-A46EC5D20778}.Debug|iPhoneSimulator.Build.0 = Debug|iPhoneSimulator
		{0B56D3D0-F017-4EC5-A21B-A46EC5D20778}.Release|iPhoneSimulator.ActiveCfg = Release|iPhoneSimulator
		{0B56D3D0-F017-4EC5-A21B-A46EC5D20778}.Release|iPhoneSimulator.Build.0 = Release|iPhoneSimulator
		{0B56D3D0-F017-4EC5-A21B-A46EC5D20778}.Debug|iPhone.ActiveCfg = Debug|iPhone
		{0B56D3D0-F017-4EC5-A21B-A46EC5D20778}.Debug|iPhone.Build.0 = Debug|iPhone
		{0B56D3D0-F017-4EC5-A21B-A46EC5D20778}.Release|iPhone.ActiveCfg = Release|iPhone
		{0B56D3D0-F017-4EC5-A21B-A46EC5D20778}.Release|iPhone.Build.0 = Release|iPhone
		{732576DE-23BE-4389-ADC9-B0166017ED2E}.Debug|Any CPU.ActiveCfg = Debug|Any CPU
		{732576DE-23BE-4389-ADC9-B0166017ED2E}.Debug|Any CPU.Build.0 = Debug|Any CPU
		{732576DE-23BE-4389-ADC9-B0166017ED2E}.Release|Any CPU.ActiveCfg = Release|Any CPU
		{732576DE-23BE-4389-ADC9-B0166017ED2E}.Release|Any CPU.Build.0 = Release|Any CPU
		{732576DE-23BE-4389-ADC9-B0166017ED2E}.Debug|iPhoneSimulator.ActiveCfg = Debug|Any CPU
		{732576DE-23BE-4389-ADC9-B0166017ED2E}.Debug|iPhoneSimulator.Build.0 = Debug|Any CPU
		{732576DE-23BE-4389-ADC9-B0166017ED2E}.Release|iPhoneSimulator.ActiveCfg = Release|Any CPU
		{732576DE-23BE-4389-ADC9-B0166017ED2E}.Release|iPhoneSimulator.Build.0 = Release|Any CPU
		{732576DE-23BE-4389-ADC9-B0166017ED2E}.Debug|iPhone.ActiveCfg = Debug|Any CPU
		{732576DE-23BE-4389-ADC9-B0166017ED2E}.Debug|iPhone.Build.0 = Debug|Any CPU
		{732576DE-23BE-4389-ADC9-B0166017ED2E}.Release|iPhone.ActiveCfg = Release|Any CPU
		{732576DE-23BE-4389-ADC9-B0166017ED2E}.Release|iPhone.Build.0 = Release|Any CPU
	EndGlobalSection
	GlobalSection(SolutionProperties) = preSolution
		HideSolutionNode = FALSE
	EndGlobalSection
	GlobalSection(ExtensibilityGlobals) = postSolution
		SolutionGuid = {D932A8BC-E06A-43E3-89D4-A17B0029C45A}
	EndGlobalSection
EndGlobal
